
Microsoft Visual Studio Solution File, Format Version 12.00
# Visual Studio Version 17
VisualStudioVersion = 17.14.37111.16 d17.14
MinimumVisualStudioVersion = 10.0.40219.1
Project("{FAE04EC0-301F-11D3-BF4B-00C04F79EFBC}") = "GomMessage.Api", "GomMessage.Api\GomMessage.Api.csproj", "{B86C2E9C-FABA-4E88-9CCA-72A13D801BB5}"
EndProject
Project("{FAE04EC0-301F-11D3-BF4B-00C04F79EFBC}") = "GomMessage.Application", "GomMessage.Application\GomMessage.Application.csproj", "{D6319E09-F8F5-4B8E-8CB5-B7674FF31112}"
EndProject
Project("{FAE04EC0-301F-11D3-BF4B-00C04F79EFBC}") = "GomMessage.Domain", "GomMessage.Domain\GomMessage.Domain.csproj", "{113FA95A-F5E3-4DC9-ABE4-4925A68A1C4C}"
EndProject
Project("{FAE04EC0-301F-11D3-BF4B-00C04F79EFBC}") = "GomMessage.Infrastructure", "GomMessage.Infrastructure\GomMessage.Infrastructure.csproj", "{F2817C28-B349-41BE-A137-1DC1C37CEB6F}"
EndProject
Global
	GlobalSection(SolutionConfigurationPlatforms) = preSolution
		Debug|Any CPU = Debug|Any CPU
		Release|Any CPU = Release|Any CPU
	EndGlobalSection
	GlobalSection(ProjectConfigurationPlatforms) = postSolution
		{B86C2E9C-FABA-4E88-9CCA-72A13D801BB5}.Debug|Any CPU.ActiveCfg = Debug|Any CPU
		{B86C2E9C-FABA-4E88-9CCA-72A13D801BB5}.Debug|Any CPU.Build.0 = Debug|Any CPU
		{B86C2E9C-FABA-4E88-9CCA-72A13D801BB5}.Release|Any CPU.ActiveCfg = Release|Any CPU
		{B86C2E9C-FABA-4E88-9CCA-72A13D801BB5}.Release|Any CPU.Build.0 = Release|Any CPU
		{D6319E09-F8F5-4B8E-8CB5-B7674FF31112}.Debug|Any CPU.ActiveCfg = Debug|Any CPU
		{D6319E09-F8F5-4B8E-8CB5-B7674FF31112}.Debug|Any CPU.Build.0 = Debug|Any CPU
		{D6319E09-F8F5-4B8E-8CB5-B7674FF31112}.Release|Any CPU.ActiveCfg = Release|Any CPU
		{D6319E09-F8F5-4B8E-8CB5-B7674FF31112}.Release|Any CPU.Build.0 = Release|Any CPU
		{113FA95A-F5E3-4DC9-ABE4-4925A68A1C4C}.Debug|Any CPU.ActiveCfg = Debug|Any CPU
		{113FA95A-F5E3-4DC9-ABE4-4925A68A1C4C}.Debug|Any CPU.Build.0 = Debug|Any CPU
		{113FA95A-F5E3-4DC9-ABE4-4925A68A1C4C}.Release|Any CPU.ActiveCfg = Release|Any CPU
		{113FA95A-F5E3-4DC9-ABE4-4925A68A1C4C}.Release|Any CPU.Build.0 = Release|Any CPU
		{F2817C28-B349-41BE-A137-1DC1C37CEB6F}.Debug|Any CPU.ActiveCfg = Debug|Any CPU
		{F2817C28-B349-41BE-A137-1DC1C37CEB6F}.Debug|Any CPU.Build.0 = Debug|Any CPU
		{F2817C28-B349-41BE-A137-1DC1C37CEB6F}.Release|Any CPU.ActiveCfg = Release|Any CPU
		{F2817C28-B349-41BE-A137-1DC1C37CEB6F}.Release|Any CPU.Build.0 = Release|Any CPU
	EndGlobalSection
	GlobalSection(SolutionProperties) = preSolution
		HideSolutionNode = FALSE
	EndGlobalSection
	GlobalSection(ExtensibilityGlobals) = postSolution
		SolutionGuid = {BA09AC94-1494-4D66-B23C-9B6218079E75}
	EndGlobalSection
EndGlobal
